// !$*UTF8*$!
{
	archiveVersion = 1;
	classes = {
	};
	objectVersion = 50;
	objects = {

/* Begin PBXBuildFile section */
		B348EEC221FE950600BEE061 /* KVOViewController.m in Sources */ = {isa = PBXBuildFile; fileRef = B348EEC121FE950600BEE061 /* KVOViewController.m */; };
		B348EEC521FE956F00BEE061 /* CommonObject.m in Sources */ = {isa = PBXBuildFile; fileRef = B348EEC421FE956F00BEE061 /* CommonObject.m */; };
		B348EEC821FE957D00BEE061 /* Person.m in Sources */ = {isa = PBXBuildFile; fileRef = B348EEC721FE957C00BEE061 /* Person.m */; };
		B35ADA7521FB030800104C4B /* AppDelegate.m in Sources */ = {isa = PBXBuildFile; fileRef = B35ADA7421FB030800104C4B /* AppDelegate.m */; };
		B35ADA7821FB030800104C4B /* ViewController.m in Sources */ = {isa = PBXBuildFile; fileRef = B35ADA7721FB030800104C4B /* ViewController.m */; };
		B35ADA7D21FB030A00104C4B /* Assets.xcassets in Resources */ = {isa = PBXBuildFile; fileRef = B35ADA7C21FB030A00104C4B /* Assets.xcassets */; };
		B35ADA8021FB030A00104C4B /* LaunchScreen.storyboard in Resources */ = {isa = PBXBuildFile; fileRef = B35ADA7E21FB030A00104C4B /* LaunchScreen.storyboard */; };
		B35ADA8321FB030A00104C4B /* main.m in Sources */ = {isa = PBXBuildFile; fileRef = B35ADA8221FB030A00104C4B /* main.m */; };
		B35ADAA521FB033800104C4B /* NSMutableArray+AFCrashExtension.m in Sources */ = {isa = PBXBuildFile; fileRef = B35ADA8A21FB033700104C4B /* NSMutableArray+AFCrashExtension.m */; };
		B35ADAA621FB033800104C4B /* AspReason.m in Sources */ = {isa = PBXBuildFile; fileRef = B35ADA8B21FB033700104C4B /* AspReason.m */; };
		B35ADAA721FB033800104C4B /* NSArray+AFCrashExtension.m in Sources */ = {isa = PBXBuildFile; fileRef = B35ADA8F21FB033700104C4B /* NSArray+AFCrashExtension.m */; };
		B35ADAA821FB033800104C4B /* AspInterceptCrash.m in Sources */ = {isa = PBXBuildFile; fileRef = B35ADA9221FB033700104C4B /* AspInterceptCrash.m */; };
		B35ADAA921FB033800104C4B /* NSMutableAttributedString+AFCrashExtension.m in Sources */ = {isa = PBXBuildFile; fileRef = B35ADA9321FB033700104C4B /* NSMutableAttributedString+AFCrashExtension.m */; };
		B35ADAAA21FB033800104C4B /* UIView+AFCrashExtension.m in Sources */ = {isa = PBXBuildFile; fileRef = B35ADA9421FB033700104C4B /* UIView+AFCrashExtension.m */; };
		B35ADAAB21FB033800104C4B /* NSMutableDictionary+AFCrashExtension.m in Sources */ = {isa = PBXBuildFile; fileRef = B35ADA9621FB033700104C4B /* NSMutableDictionary+AFCrashExtension.m */; };
		B35ADAAC21FB033800104C4B /* NSObject+forward.m in Sources */ = {isa = PBXBuildFile; fileRef = B35ADA9721FB033700104C4B /* NSObject+forward.m */; };
		B35ADAAD21FB033800104C4B /* NSUserDefaults+AFCrashExtension.m in Sources */ = {isa = PBXBuildFile; fileRef = B35ADA9821FB033700104C4B /* NSUserDefaults+AFCrashExtension.m */; };
		B35ADAAE21FB033800104C4B /* NSMutableSet+AFCrashExtension.m in Sources */ = {isa = PBXBuildFile; fileRef = B35ADA9921FB033700104C4B /* NSMutableSet+AFCrashExtension.m */; };
		B35ADAAF21FB033800104C4B /* NSDictionary+AFCrashExtension.m in Sources */ = {isa = PBXBuildFile; fileRef = B35ADA9C21FB033700104C4B /* NSDictionary+AFCrashExtension.m */; };
		B35ADAB021FB033800104C4B /* SolveCrashHelp.m in Sources */ = {isa = PBXBuildFile; fileRef = B35ADA9F21FB033800104C4B /* SolveCrashHelp.m */; };
		B35ADAB121FB033800104C4B /* ShieldStubObject.m in Sources */ = {isa = PBXBuildFile; fileRef = B35ADAA021FB033800104C4B /* ShieldStubObject.m */; };
		B35ADAB221FB033800104C4B /* NSString+AFCrashExtension.m in Sources */ = {isa = PBXBuildFile; fileRef = B35ADAA121FB033800104C4B /* NSString+AFCrashExtension.m */; };
/* End PBXBuildFile section */

/* Begin PBXFileReference section */
		B348EEC021FE950600BEE061 /* KVOViewController.h */ = {isa = PBXFileReference; lastKnownFileType = sourcecode.c.h; path = KVOViewController.h; sourceTree = "<group>"; };
		B348EEC121FE950600BEE061 /* KVOViewController.m */ = {isa = PBXFileReference; lastKnownFileType = sourcecode.c.objc; path = KVOViewController.m; sourceTree = "<group>"; };
		B348EEC321FE956F00BEE061 /* CommonObject.h */ = {isa = PBXFileReference; fileEncoding = 4; lastKnownFileType = sourcecode.c.h; path = CommonObject.h; sourceTree = "<group>"; };
		B348EEC421FE956F00BEE061 /* CommonObject.m */ = {isa = PBXFileReference; fileEncoding = 4; lastKnownFileType = sourcecode.c.objc; path = CommonObject.m; sourceTree = "<group>"; };
		B348EEC621FE957C00BEE061 /* Person.h */ = {isa = PBXFileReference; fileEncoding = 4; lastKnownFileType = sourcecode.c.h; path = Person.h; sourceTree = "<group>"; };
		B348EEC721FE957C00BEE061 /* Person.m */ = {isa = PBXFileReference; fileEncoding = 4; lastKnownFileType = sourcecode.c.objc; path = Person.m; sourceTree = "<group>"; };
		B35ADA7021FB030800104C4B /* AspInterceptCrash.app */ = {isa = PBXFileReference; explicitFileType = wrapper.application; includeInIndex = 0; path = AspInterceptCrash.app; sourceTree = BUILT_PRODUCTS_DIR; };
		B35ADA7321FB030800104C4B /* AppDelegate.h */ = {isa = PBXFileReference; lastKnownFileType = sourcecode.c.h; path = AppDelegate.h; sourceTree = "<group>"; };
		B35ADA7421FB030800104C4B /* AppDelegate.m */ = {isa = PBXFileReference; lastKnownFileType = sourcecode.c.objc; path = AppDelegate.m; sourceTree = "<group>"; };
		B35ADA7621FB030800104C4B /* ViewController.h */ = {isa = PBXFileReference; lastKnownFileType = sourcecode.c.h; path = ViewController.h; sourceTree = "<group>"; };
		B35ADA7721FB030800104C4B /* ViewController.m */ = {isa = PBXFileReference; lastKnownFileType = sourcecode.c.objc; path = ViewController.m; sourceTree = "<group>"; };
		B35ADA7C21FB030A00104C4B /* Assets.xcassets */ = {isa = PBXFileReference; lastKnownFileType = folder.assetcatalog; path = Assets.xcassets; sourceTree = "<group>"; };
		B35ADA7F21FB030A00104C4B /* Base */ = {isa = PBXFileReference; lastKnownFileType = file.storyboard; name = Base; path = Base.lproj/LaunchScreen.storyboard; sourceTree = "<group>"; };
		B35ADA8121FB030A00104C4B /* Info.plist */ = {isa = PBXFileReference; lastKnownFileType = text.plist.xml; path = Info.plist; sourceTree = "<group>"; };
		B35ADA8221FB030A00104C4B /* main.m */ = {isa = PBXFileReference; lastKnownFileType = sourcecode.c.objc; path = main.m; sourceTree = "<group>"; };
		B35ADA8921FB033600104C4B /* ShieldStubObject.h */ = {isa = PBXFileReference; fileEncoding = 4; lastKnownFileType = sourcecode.c.h; path = ShieldStubObject.h; sourceTree = "<group>"; };
		B35ADA8A21FB033700104C4B /* NSMutableArray+AFCrashExtension.m */ = {isa = PBXFileReference; fileEncoding = 4; lastKnownFileType = sourcecode.c.objc; path = "NSMutableArray+AFCrashExtension.m"; sourceTree = "<group>"; };
		B35ADA8B21FB033700104C4B /* AspReason.m */ = {isa = PBXFileReference; fileEncoding = 4; lastKnownFileType = sourcecode.c.objc; path = AspReason.m; sourceTree = "<group>"; };
		B35ADA8C21FB033700104C4B /* NSObject+forward.h */ = {isa = PBXFileReference; fileEncoding = 4; lastKnownFileType = sourcecode.c.h; path = "NSObject+forward.h"; sourceTree = "<group>"; };
		B35ADA8D21FB033700104C4B /* AspInterceptCrash.h */ = {isa = PBXFileReference; fileEncoding = 4; lastKnownFileType = sourcecode.c.h; path = AspInterceptCrash.h; sourceTree = "<group>"; };
		B35ADA8E21FB033700104C4B /* NSUserDefaults+AFCrashExtension.h */ = {isa = PBXFileReference; fileEncoding = 4; lastKnownFileType = sourcecode.c.h; path = "NSUserDefaults+AFCrashExtension.h"; sourceTree = "<group>"; };
		B35ADA8F21FB033700104C4B /* NSArray+AFCrashExtension.m */ = {isa = PBXFileReference; fileEncoding = 4; lastKnownFileType = sourcecode.c.objc; path = "NSArray+AFCrashExtension.m"; sourceTree = "<group>"; };
		B35ADA9021FB033700104C4B /* NSMutableArray+AFCrashExtension.h */ = {isa = PBXFileReference; fileEncoding = 4; lastKnownFileType = sourcecode.c.h; path = "NSMutableArray+AFCrashExtension.h"; sourceTree = "<group>"; };
		B35ADA9121FB033700104C4B /* NSMutableAttributedString+AFCrashExtension.h */ = {isa = PBXFileReference; fileEncoding = 4; lastKnownFileType = sourcecode.c.h; path = "NSMutableAttributedString+AFCrashExtension.h"; sourceTree = "<group>"; };
		B35ADA9221FB033700104C4B /* AspInterceptCrash.m */ = {isa = PBXFileReference; fileEncoding = 4; lastKnownFileType = sourcecode.c.objc; path = AspInterceptCrash.m; sourceTree = "<group>"; };
		B35ADA9321FB033700104C4B /* NSMutableAttributedString+AFCrashExtension.m */ = {isa = PBXFileReference; fileEncoding = 4; lastKnownFileType = sourcecode.c.objc; path = "NSMutableAttributedString+AFCrashExtension.m"; sourceTree = "<group>"; };
		B35ADA9421FB033700104C4B /* UIView+AFCrashExtension.m */ = {isa = PBXFileReference; fileEncoding = 4; lastKnownFileType = sourcecode.c.objc; path = "UIView+AFCrashExtension.m"; sourceTree = "<group>"; };
		B35ADA9521FB033700104C4B /* UIView+AFCrashExtension.h */ = {isa = PBXFileReference; fileEncoding = 4; lastKnownFileType = sourcecode.c.h; path = "UIView+AFCrashExtension.h"; sourceTree = "<group>"; };
		B35ADA9621FB033700104C4B /* NSMutableDictionary+AFCrashExtension.m */ = {isa = PBXFileReference; fileEncoding = 4; lastKnownFileType = sourcecode.c.objc; path = "NSMutableDictionary+AFCrashExtension.m"; sourceTree = "<group>"; };
		B35ADA9721FB033700104C4B /* NSObject+forward.m */ = {isa = PBXFileReference; fileEncoding = 4; lastKnownFileType = sourcecode.c.objc; path = "NSObject+forward.m"; sourceTree = "<group>"; };
		B35ADA9821FB033700104C4B /* NSUserDefaults+AFCrashExtension.m */ = {isa = PBXFileReference; fileEncoding = 4; lastKnownFileType = sourcecode.c.objc; path = "NSUserDefaults+AFCrashExtension.m"; sourceTree = "<group>"; };
		B35ADA9921FB033700104C4B /* NSMutableSet+AFCrashExtension.m */ = {isa = PBXFileReference; fileEncoding = 4; lastKnownFileType = sourcecode.c.objc; path = "NSMutableSet+AFCrashExtension.m"; sourceTree = "<group>"; };
		B35ADA9A21FB033700104C4B /* NSString+AFCrashExtension.h */ = {isa = PBXFileReference; fileEncoding = 4; lastKnownFileType = sourcecode.c.h; path = "NSString+AFCrashExtension.h"; sourceTree = "<group>"; };
		B35ADA9B21FB033700104C4B /* SolveCrashHelp.h */ = {isa = PBXFileReference; fileEncoding = 4; lastKnownFileType = sourcecode.c.h; path = SolveCrashHelp.h; sourceTree = "<group>"; };
		B35ADA9C21FB033700104C4B /* NSDictionary+AFCrashExtension.m */ = {isa = PBXFileReference; fileEncoding = 4; lastKnownFileType = sourcecode.c.objc; path = "NSDictionary+AFCrashExtension.m"; sourceTree = "<group>"; };
		B35ADA9D21FB033700104C4B /* NSArray+AFCrashExtension.h */ = {isa = PBXFileReference; fileEncoding = 4; lastKnownFileType = sourcecode.c.h; path = "NSArray+AFCrashExtension.h"; sourceTree = "<group>"; };
		B35ADA9E21FB033800104C4B /* NSMutableDictionary+AFCrashExtension.h */ = {isa = PBXFileReference; fileEncoding = 4; lastKnownFileType = sourcecode.c.h; path = "NSMutableDictionary+AFCrashExtension.h"; sourceTree = "<group>"; };
		B35ADA9F21FB033800104C4B /* SolveCrashHelp.m */ = {isa = PBXFileReference; fileEncoding = 4; lastKnownFileType = sourcecode.c.objc; path = SolveCrashHelp.m; sourceTree = "<group>"; };
		B35ADAA021FB033800104C4B /* ShieldStubObject.m */ = {isa = PBXFileReference; fileEncoding = 4; lastKnownFileType = sourcecode.c.objc; path = ShieldStubObject.m; sourceTree = "<group>"; };
		B35ADAA121FB033800104C4B /* NSString+AFCrashExtension.m */ = {isa = PBXFileReference; fileEncoding = 4; lastKnownFileType = sourcecode.c.objc; path = "NSString+AFCrashExtension.m"; sourceTree = "<group>"; };
		B35ADAA221FB033800104C4B /* AspReason.h */ = {isa = PBXFileReference; fileEncoding = 4; lastKnownFileType = sourcecode.c.h; path = AspReason.h; sourceTree = "<group>"; };
		B35ADAA321FB033800104C4B /* NSMutableSet+AFCrashExtension.h */ = {isa = PBXFileReference; fileEncoding = 4; lastKnownFileType = sourcecode.c.h; path = "NSMutableSet+AFCrashExtension.h"; sourceTree = "<group>"; };
		B35ADAA421FB033800104C4B /* NSDictionary+AFCrashExtension.h */ = {isa = PBXFileReference; fileEncoding = 4; lastKnownFileType = sourcecode.c.h; path = "NSDictionary+AFCrashExtension.h"; sourceTree = "<group>"; };
/* End PBXFileReference section */

/* Begin PBXFrameworksBuildPhase section */
		B35ADA6D21FB030800104C4B /* Frameworks */ = {
			isa = PBXFrameworksBuildPhase;
			buildActionMask = 2147483647;
			files = (
			);
			runOnlyForDeploymentPostprocessing = 0;
		};
/* End PBXFrameworksBuildPhase section */

/* Begin PBXGroup section */
		B348EEC921FE96FD00BEE061 /* Class */ = {
			isa = PBXGroup;
			children = (
				B35ADA8D21FB033700104C4B /* AspInterceptCrash.h */,
				B35ADA9221FB033700104C4B /* AspInterceptCrash.m */,
				B35ADAA221FB033800104C4B /* AspReason.h */,
				B35ADA8B21FB033700104C4B /* AspReason.m */,
				B35ADA9D21FB033700104C4B /* NSArray+AFCrashExtension.h */,
				B35ADA8F21FB033700104C4B /* NSArray+AFCrashExtension.m */,
				B35ADAA421FB033800104C4B /* NSDictionary+AFCrashExtension.h */,
				B35ADA9C21FB033700104C4B /* NSDictionary+AFCrashExtension.m */,
				B35ADA9021FB033700104C4B /* NSMutableArray+AFCrashExtension.h */,
				B35ADA8A21FB033700104C4B /* NSMutableArray+AFCrashExtension.m */,
				B35ADA9121FB033700104C4B /* NSMutableAttributedString+AFCrashExtension.h */,
				B35ADA9321FB033700104C4B /* NSMutableAttributedString+AFCrashExtension.m */,
				B35ADA9E21FB033800104C4B /* NSMutableDictionary+AFCrashExtension.h */,
				B35ADA9621FB033700104C4B /* NSMutableDictionary+AFCrashExtension.m */,
				B35ADAA321FB033800104C4B /* NSMutableSet+AFCrashExtension.h */,
				B35ADA9921FB033700104C4B /* NSMutableSet+AFCrashExtension.m */,
				B35ADA8C21FB033700104C4B /* NSObject+forward.h */,
				B35ADA9721FB033700104C4B /* NSObject+forward.m */,
				B35ADA9A21FB033700104C4B /* NSString+AFCrashExtension.h */,
				B35ADAA121FB033800104C4B /* NSString+AFCrashExtension.m */,
				B35ADA8E21FB033700104C4B /* NSUserDefaults+AFCrashExtension.h */,
				B35ADA9821FB033700104C4B /* NSUserDefaults+AFCrashExtension.m */,
				B35ADA8921FB033600104C4B /* ShieldStubObject.h */,
				B35ADAA021FB033800104C4B /* ShieldStubObject.m */,
				B35ADA9B21FB033700104C4B /* SolveCrashHelp.h */,
				B35ADA9F21FB033800104C4B /* SolveCrashHelp.m */,
				B35ADA9521FB033700104C4B /* UIView+AFCrashExtension.h */,
				B35ADA9421FB033700104C4B /* UIView+AFCrashExtension.m */,
			);
			path = Class;
			sourceTree = "<group>";
		};
		B35ADA6721FB030800104C4B = {
			isa = PBXGroup;
			children = (
				B35ADA7221FB030800104C4B /* AspInterceptCrash */,
				B35ADA7121FB030800104C4B /* Products */,
			);
			sourceTree = "<group>";
		};
		B35ADA7121FB030800104C4B /* Products */ = {
			isa = PBXGroup;
			children = (
				B35ADA7021FB030800104C4B /* AspInterceptCrash.app */,
			);
			name = Products;
			sourceTree = "<group>";
		};
		B35ADA7221FB030800104C4B /* AspInterceptCrash */ = {
			isa = PBXGroup;
			children = (
				B348EEC921FE96FD00BEE061 /* Class */,
				B35ADA7321FB030800104C4B /* AppDelegate.h */,
				B35ADA7421FB030800104C4B /* AppDelegate.m */,
				B35ADA7621FB030800104C4B /* ViewController.h */,
				B35ADA7721FB030800104C4B /* ViewController.m */,
				B348EEC021FE950600BEE061 /* KVOViewController.h */,
				B348EEC121FE950600BEE061 /* KVOViewController.m */,
				B348EEC621FE957C00BEE061 /* Person.h */,
				B348EEC721FE957C00BEE061 /* Person.m */,
				B348EEC321FE956F00BEE061 /* CommonObject.h */,
				B348EEC421FE956F00BEE061 /* CommonObject.m */,
				B35ADA7C21FB030A00104C4B /* Assets.xcassets */,
				B35ADA7E21FB030A00104C4B /* LaunchScreen.storyboard */,
				B35ADA8121FB030A00104C4B /* Info.plist */,
				B35ADA8221FB030A00104C4B /* main.m */,
			);
			path = AspInterceptCrash;
			sourceTree = "<group>";
		};
/* End PBXGroup section */

/* Begin PBXNativeTarget section */
		B35ADA6F21FB030800104C4B /* AspInterceptCrash */ = {
			isa = PBXNativeTarget;
			buildConfigurationList = B35ADA8621FB030A00104C4B /* Build configuration list for PBXNativeTarget "AspInterceptCrash" */;
			buildPhases = (
				B35ADA6C21FB030800104C4B /* Sources */,
				B35ADA6D21FB030800104C4B /* Frameworks */,
				B35ADA6E21FB030800104C4B /* Resources */,
			);
			buildRules = (
			);
			dependencies = (
			);
			name = AspInterceptCrash;
			productName = AspInterceptCrash;
			productReference = B35ADA7021FB030800104C4B /* AspInterceptCrash.app */;
			productType = "com.apple.product-type.application";
		};
/* End PBXNativeTarget section */

/* Begin PBXProject section */
		B35ADA6821FB030800104C4B /* Project object */ = {
			isa = PBXProject;
			attributes = {
				LastUpgradeCheck = 1010;
				ORGANIZATIONNAME = liguohui;
				TargetAttributes = {
					B35ADA6F21FB030800104C4B = {
						CreatedOnToolsVersion = 10.1;
					};
				};
			};
			buildConfigurationList = B35ADA6B21FB030800104C4B /* Build configuration list for PBXProject "AspInterceptCrash" */;
			compatibilityVersion = "Xcode 9.3";
			developmentRegion = en;
			hasScannedForEncodings = 0;
			knownRegions = (
				en,
				Base,
			);
			mainGroup = B35ADA6721FB030800104C4B;
			productRefGroup = B35ADA7121FB030800104C4B /* Products */;
			projectDirPath = "";
			projectRoot = "";
			targets = (
				B35ADA6F21FB030800104C4B /* AspInterceptCrash */,
			);
		};
/* End PBXProject section */

/* Begin PBXResourcesBuildPhase section */
		B35ADA6E21FB030800104C4B /* Resources */ = {
			isa = PBXResourcesBuildPhase;
			buildActionMask = 2147483647;
			files = (
				B35ADA8021FB030A00104C4B /* LaunchScreen.storyboard in Resources */,
				B35ADA7D21FB030A00104C4B /* Assets.xcassets in Resources */,
			);
			runOnlyForDeploymentPostprocessing = 0;
		};
/* End PBXResourcesBuildPhase section */

/* Begin PBXSourcesBuildPhase section */
		B35ADA6C21FB030800104C4B /* Sources */ = {
			isa = PBXSourcesBuildPhase;
			buildActionMask = 2147483647;
			files = (
				B35ADA7821FB030800104C4B /* ViewController.m in Sources */,
				B35ADAAF21FB033800104C4B /* NSDictionary+AFCrashExtension.m in Sources */,
				B348EEC821FE957D00BEE061 /* Person.m in Sources */,
				B348EEC521FE956F00BEE061 /* CommonObject.m in Sources */,
				B35ADAA921FB033800104C4B /* NSMutableAttributedString+AFCrashExtension.m in Sources */,
				B35ADAAC21FB033800104C4B /* NSObject+forward.m in Sources */,
				B35ADA8321FB030A00104C4B /* main.m in Sources */,
				B35ADAB021FB033800104C4B /* SolveCrashHelp.m in Sources */,
				B35ADAB221FB033800104C4B /* NSString+AFCrashExtension.m in Sources */,
				B35ADAAD21FB033800104C4B /* NSUserDefaults+AFCrashExtension.m in Sources */,
				B35ADAA521FB033800104C4B /* NSMutableArray+AFCrashExtension.m in Sources */,
				B35ADAA821FB033800104C4B /* AspInterceptCrash.m in Sources */,
				B35ADAA721FB033800104C4B /* NSArray+AFCrashExtension.m in Sources */,
				B348EEC221FE950600BEE061 /* KVOViewController.m in Sources */,
				B35ADA7521FB030800104C4B /* AppDelegate.m in Sources */,
				B35ADAB121FB033800104C4B /* ShieldStubObject.m in Sources */,
				B35ADAAE21FB033800104C4B /* NSMutableSet+AFCrashExtension.m in Sources */,
				B35ADAA621FB033800104C4B /* AspReason.m in Sources */,
				B35ADAAB21FB033800104C4B /* NSMutableDictionary+AFCrashExtension.m in Sources */,
				B35ADAAA21FB033800104C4B /* UIView+AFCrashExtension.m in Sources */,
			);
			runOnlyForDeploymentPostprocessing = 0;
		};
/* End PBXSourcesBuildPhase section */

/* Begin PBXVariantGroup section */
		B35ADA7E21FB030A00104C4B /* LaunchScreen.storyboard */ = {
			isa = PBXVariantGroup;
			children = (
				B35ADA7F21FB030A00104C4B /* Base */,
			);
			name = LaunchScreen.storyboard;
			sourceTree = "<group>";
		};
/* End PBXVariantGroup section */

/* Begin XCBuildConfiguration section */
		B35ADA8421FB030A00104C4B /* Debug */ = {
			isa = XCBuildConfiguration;
			buildSettings = {
				ALWAYS_SEARCH_USER_PATHS = NO;
				CLANG_ANALYZER_NONNULL = YES;
				CLANG_ANALYZER_NUMBER_OBJECT_CONVERSION = YES_AGGRESSIVE;
				CLANG_CXX_LANGUAGE_STANDARD = "gnu++14";
				CLANG_CXX_LIBRARY = "libc++";
				CLANG_ENABLE_MODULES = YES;
				CLANG_ENABLE_OBJC_ARC = YES;
				CLANG_ENABLE_OBJC_WEAK = YES;
				CLANG_WARN_BLOCK_CAPTURE_AUTORELEASING = YES;
				CLANG_WARN_BOOL_CONVERSION = YES;
				CLANG_WARN_COMMA = YES;
				CLANG_WARN_CONSTANT_CONVERSION = YES;
				CLANG_WARN_DEPRECATED_OBJC_IMPLEMENTATIONS = YES;
				CLANG_WARN_DIRECT_OBJC_ISA_USAGE = YES_ERROR;
				CLANG_WARN_DOCUMENTATION_COMMENTS = YES;
				CLANG_WARN_EMPTY_BODY = YES;
				CLANG_WARN_ENUM_CONVERSION = YES;
				CLANG_WARN_INFINITE_RECURSION = YES;
				CLANG_WARN_INT_CONVERSION = YES;
				CLANG_WARN_NON_LITERAL_NULL_CONVERSION = YES;
				CLANG_WARN_OBJC_IMPLICIT_RETAIN_SELF = YES;
				CLANG_WARN_OBJC_LITERAL_CONVERSION = YES;
				CLANG_WARN_OBJC_ROOT_CLASS = YES_ERROR;
				CLANG_WARN_RANGE_LOOP_ANALYSIS = YES;
				CLANG_WARN_STRICT_PROTOTYPES = YES;
				CLANG_WARN_SUSPICIOUS_MOVE = YES;
				CLANG_WARN_UNGUARDED_AVAILABILITY = YES_AGGRESSIVE;
				CLANG_WARN_UNREACHABLE_CODE = YES;
				CLANG_WARN__DUPLICATE_METHOD_MATCH = YES;
				CODE_SIGN_IDENTITY = "iPhone Developer";
				COPY_PHASE_STRIP = NO;
				DEBUG_INFORMATION_FORMAT = dwarf;
				ENABLE_STRICT_OBJC_MSGSEND = YES;
				ENABLE_TESTABILITY = YES;
				GCC_C_LANGUAGE_STANDARD = gnu11;
				GCC_DYNAMIC_NO_PIC = NO;
				GCC_NO_COMMON_BLOCKS = YES;
				GCC_OPTIMIZATION_LEVEL = 0;
				GCC_PREPROCESSOR_DEFINITIONS = (
					"DEBUG=1",
					"$(inherited)",
				);
				GCC_WARN_64_TO_32_BIT_CONVERSION = YES;
				GCC_WARN_ABOUT_RETURN_TYPE = YES_ERROR;
				GCC_WARN_UNDECLARED_SELECTOR = YES;
				GCC_WARN_UNINITIALIZED_AUTOS = YES_AGGRESSIVE;
				GCC_WARN_UNUSED_FUNCTION = YES;
				GCC_WARN_UNUSED_VARIABLE = YES;
				IPHONEOS_DEPLOYMENT_TARGET = 12.1;
				MTL_ENABLE_DEBUG_INFO = INCLUDE_SOURCE;
				MTL_FAST_MATH = YES;
				ONLY_ACTIVE_ARCH = YES;
				SDKROOT = iphoneos;
			};
			name = Debug;
		};
		B35ADA8521FB030A00104C4B /* Release */ = {
			isa = XCBuildConfiguration;
			buildSettings = {
				ALWAYS_SEARCH_USER_PATHS = NO;
				CLANG_ANALYZER_NONNULL = YES;
				CLANG_ANALYZER_NUMBER_OBJECT_CONVERSION = YES_AGGRESSIVE;
				CLANG_CXX_LANGUAGE_STANDARD = "gnu++14";
				CLANG_CXX_LIBRARY = "libc++";
				CLANG_ENABLE_MODULES = YES;
				CLANG_ENABLE_OBJC_ARC = YES;
				CLANG_ENABLE_OBJC_WEAK = YES;
				CLANG_WARN_BLOCK_CAPTURE_AUTORELEASING = YES;
				CLANG_WARN_BOOL_CONVERSION = YES;
				CLANG_WARN_COMMA = YES;
				CLANG_WARN_CONSTANT_CONVERSION = YES;
				CLANG_WARN_DEPRECATED_OBJC_IMPLEMENTATIONS = YES;
				CLANG_WARN_DIRECT_OBJC_ISA_USAGE = YES_ERROR;
				CLANG_WARN_DOCUMENTATION_COMMENTS = YES;
				CLANG_WARN_EMPTY_BODY = YES;
				CLANG_WARN_ENUM_CONVERSION = YES;
				CLANG_WARN_INFINITE_RECURSION = YES;
				CLANG_WARN_INT_CONVERSION = YES;
				CLANG_WARN_NON_LITERAL_NULL_CONVERSION = YES;
				CLANG_WARN_OBJC_IMPLICIT_RETAIN_SELF = YES;
				CLANG_WARN_OBJC_LITERAL_CONVERSION = YES;
				CLANG_WARN_OBJC_ROOT_CLASS = YES_ERROR;
				CLANG_WARN_RANGE_LOOP_ANALYSIS = YES;
				CLANG_WARN_STRICT_PROTOTYPES = YES;
				CLANG_WARN_SUSPICIOUS_MOVE = YES;
				CLANG_WARN_UNGUARDED_AVAILABILITY = YES_AGGRESSIVE;
				CLANG_WARN_UNREACHABLE_CODE = YES;
				CLANG_WARN__DUPLICATE_METHOD_MATCH = YES;
				CODE_SIGN_IDENTITY = "iPhone Developer";
				COPY_PHASE_STRIP = NO;
				DEBUG_INFORMATION_FORMAT = "dwarf-with-dsym";
				ENABLE_NS_ASSERTIONS = NO;
				ENABLE_STRICT_OBJC_MSGSEND = YES;
				GCC_C_LANGUAGE_STANDARD = gnu11;
				GCC_NO_COMMON_BLOCKS = YES;
				GCC_WARN_64_TO_32_BIT_CONVERSION = YES;
				GCC_WARN_ABOUT_RETURN_TYPE = YES_ERROR;
				GCC_WARN_UNDECLARED_SELECTOR = YES;
				GCC_WARN_UNINITIALIZED_AUTOS = YES_AGGRESSIVE;
				GCC_WARN_UNUSED_FUNCTION = YES;
				GCC_WARN_UNUSED_VARIABLE = YES;
				IPHONEOS_DEPLOYMENT_TARGET = 12.1;
				MTL_ENABLE_DEBUG_INFO = NO;
				MTL_FAST_MATH = YES;
				SDKROOT = iphoneos;
				VALIDATE_PRODUCT = YES;
			};
			name = Release;
		};
		B35ADA8721FB030A00104C4B /* Debug */ = {
			isa = XCBuildConfiguration;
			buildSettings = {
				ASSETCATALOG_COMPILER_APPICON_NAME = AppIcon;
				CODE_SIGN_STYLE = Automatic;
				DEVELOPMENT_TEAM = WP78EVGG26;
				INFOPLIST_FILE = AspInterceptCrash/Info.plist;
				IPHONEOS_DEPLOYMENT_TARGET = 8.0;
				LD_RUNPATH_SEARCH_PATHS = (
					"$(inherited)",
					"@executable_path/Frameworks",
				);
				PRODUCT_BUNDLE_IDENTIFIER = com.aspire.AspInterceptCrash;
				PRODUCT_NAME = "$(TARGET_NAME)";
				TARGETED_DEVICE_FAMILY = 1;
			};
			name = Debug;
		};
		B35ADA8821FB030A00104C4B /* Release */ = {
			isa = XCBuildConfiguration;
			buildSettings = {
				ASSETCATALOG_COMPILER_APPICON_NAME = AppIcon;
				CODE_SIGN_STYLE = Automatic;
				DEVELOPMENT_TEAM = WP78EVGG26;
				INFOPLIST_FILE = AspInterceptCrash/Info.plist;
				IPHONEOS_DEPLOYMENT_TARGET = 8.0;
				LD_RUNPATH_SEARCH_PATHS = (
					"$(inherited)",
					"@executable_path/Frameworks",
				);
				PRODUCT_BUNDLE_IDENTIFIER = com.aspire.AspInterceptCrash;
				PRODUCT_NAME = "$(TARGET_NAME)";
				TARGETED_DEVICE_FAMILY = 1;
			};
			name = Release;
		};
/* End XCBuildConfiguration section */

/* Begin XCConfigurationList section */
		B35ADA6B21FB030800104C4B /* Build configuration list for PBXProject "AspInterceptCrash" */ = {
			isa = XCConfigurationList;
			buildConfigurations = (
				B35ADA8421FB030A00104C4B /* Debug */,
				B35ADA8521FB030A00104C4B /* Release */,
			);
			defaultConfigurationIsVisible = 0;
			defaultConfigurationName = Release;
		};
		B35ADA8621FB030A00104C4B /* Build configuration list for PBXNativeTarget "AspInterceptCrash" */ = {
			isa = XCConfigurationList;
			buildConfigurations = (
				B35ADA8721FB030A00104C4B /* Debug */,
				B35ADA8821FB030A00104C4B /* Release */,
			);
			defaultConfigurationIsVisible = 0;
			defaultConfigurationName = Release;
		};
/* End XCConfigurationList section */
	};
	rootObject = B35ADA6821FB030800104C4B /* Project object */;
}
